
Microsoft Visual Studio Solution File, Format Version 12.00
# Visual Studio Version 17
VisualStudioVersion = 17.14.37012.4
MinimumVisualStudioVersion = 10.0.40219.1
Project("{FAE04EC0-301F-11D3-BF4B-00C04F79EFBC}") = "otinova_lib", "otinova_lib.csproj", "{C776AB01-4B96-4F30-85BE-8C58B4B1016D}"
EndProject
Project("{FAE04EC0-301F-11D3-BF4B-00C04F79EFBC}") = "otinova_lib_tests", "..\otinova_lib_tests\otinova_lib_tests.csproj", "{338800A0-55CE-43E9-9284-EB4819061AE6}"
EndProject
Project("{FAE04EC0-301F-11D3-BF4B-00C04F79EFBC}") = "otinova_pr2", "..\otinova_pr2\otinova_pr2.csproj", "{9FCAC385-D22A-4CB4-8CB6-B5344530AEEA}"
EndProject
Global
	GlobalSection(SolutionConfigurationPlatforms) = preSolution
		Debug|Any CPU = Debug|Any CPU
		Release|Any CPU = Release|Any CPU
	EndGlobalSection
	GlobalSection(ProjectConfigurationPlatforms) = postSolution
		{C776AB01-4B96-4F30-85BE-8C58B4B1016D}.Debug|Any CPU.ActiveCfg = Debug|Any CPU
		{C776AB01-4B96-4F30-85BE-8C58B4B1016D}.Debug|Any CPU.Build.0 = Debug|Any CPU
		{C776AB01-4B96-4F30-85BE-8C58B4B1016D}.Release|Any CPU.ActiveCfg = Release|Any CPU
		{C776AB01-4B96-4F30-85BE-8C58B4B1016D}.Release|Any CPU.Build.0 = Release|Any CPU
		{338800A0-55CE-43E9-9284-EB4819061AE6}.Debug|Any CPU.ActiveCfg = Debug|Any CPU
		{338800A0-55CE-43E9-9284-EB4819061AE6}.Debug|Any CPU.Build.0 = Debug|Any CPU
		{338800A0-55CE-43E9-9284-EB4819061AE6}.Release|Any CPU.ActiveCfg = Release|Any CPU
		{338800A0-55CE-43E9-9284-EB4819061AE6}.Release|Any CPU.Build.0 = Release|Any CPU
		{9FCAC385-D22A-4CB4-8CB6-B5344530AEEA}.Debug|Any CPU.ActiveCfg = Debug|Any CPU
		{9FCAC385-D22A-4CB4-8CB6-B5344530AEEA}.Debug|Any CPU.Build.0 = Debug|Any CPU
		{9FCAC385-D22A-4CB4-8CB6-B5344530AEEA}.Release|Any CPU.ActiveCfg = Release|Any CPU
		{9FCAC385-D22A-4CB4-8CB6-B5344530AEEA}.Release|Any CPU.Build.0 = Release|Any CPU
	EndGlobalSection
	GlobalSection(SolutionProperties) = preSolution
		HideSolutionNode = FALSE
	EndGlobalSection
	GlobalSection(ExtensibilityGlobals) = postSolution
		SolutionGuid = {B6C91A27-43D3-41D1-A9A6-BC3C88F711B2}
	EndGlobalSection
EndGlobal
